{
  "version": 4,
  "terraform_version": "1.16.0",
  "serial": 168,
  "lineage": "569b9f8d-63d7-0240-1b36-a98086b05d91",
  "outputs": {},
  "resources": [
    {
      "mode": "managed",
      "type": "azurerm_resource_group",
      "name": "rg",
      "provider": "provider[\"registry.terraform.io/hashicorp/azurerm\"]",
      "instances": [
        {
          "schema_version": 0,
          "attributes": {
            "id": "/subscriptions/c3c90939-5b92-421c-a37c-55fb5fa73aff/resourceGroups/TFlearning02",
            "location": "eastus",
            "managed_by": "",
            "name": "TFlearning02",
            "tags": {
              "Environment": "TerraformDev",
              "Team": "DevOps"
            },
            "timeouts": null
          },
          "sensitive_attributes": [],
          "identity_schema_version": 0,
          "identity": {
            "name": "TFlearning02",
            "subscription_id": "c3c90939-5b92-421c-a37c-55fb5fa73aff"
          },
          "private": "eyJlMmJmYjczMC1lY2FhLTExZTYtOGY4OC0zNDM2M2JjN2M0YzAiOnsiY3JlYXRlIjo1NDAwMDAwMDAwMDAwLCJkZWxldGUiOjU0MDAwMDAwMDAwMDAsInJlYWQiOjMwMDAwMDAwMDAwMCwidXBkYXRlIjo1NDAwMDAwMDAwMDAwfX0="
        }
      ]
    }
  ],
  "check_results": null
}
